lockfileVersion: '9.0'

settings:
  autoInstallPeers: true
  excludeLinksFromLockfile: false

importers:

  .:
    devDependencies:
      prettier:
        specifier: ^3.5.3
        version: 3.5.3
      prettier-plugin-latex:
        specifier: ^2.0.1
        version: 2.0.1

packages:

  '@types/unist@2.0.11':
    resolution: {integrity: sha512-CmBKiL6NNo/OqgmMn95Fk9Whlp2mtvIv+KNpQKN2F4SjvrEesubTRWGYSg+BnWZOnlCaSTU1sMpsBOzgbYhnsA==}

  '@unified-latex/unified-latex-builder@1.8.0':
    resolution: {integrity: sha512-1s5MIan/qaYeqJI1Tk3bfUwdkk0jIrQXRJt0dF0j3JWT9RG60WbiXp+593eOJgFYJtn+h3FdM0bvalfa+ZzTXg==}

  '@unified-latex/unified-latex-ctan@1.8.2':
    resolution: {integrity: sha512-VuOEU3Kzed/b+lm+nypYtV1IiqIuFWpwx92WNtBW1w3S+Ba/Ffolx+/LoAd8uuCcyCmygkQi3eZJNHxarzyVIg==}

  '@unified-latex/unified-latex-prettier@2.4.2':
    resolution: {integrity: sha512-gMvlKGiGi9zOWVHXPhzeURhPYwPIJ7MBht42et/sVb4Z2wTjhcn+bU7kookT067ywOptVZNBgJw+iAgSORAd+w==}
    deprecated: Incorrect version number

  '@unified-latex/unified-latex-types@1.8.0':
    resolution: {integrity: sha512-GLJbBmmfDOWtdEbpQCLb7++zPxXin36aC9XOVCuiVNMR9VYv3szOJa+ZdTilVCFHpOeFhKh6zRws96vJgz2tGA==}

  '@unified-latex/unified-latex-util-align@1.8.1':
    resolution: {integrity: sha512-csJxLrvziRc5ZkhcRsYI7gSQBGC4fXucPtwNkTscbSIy7PfYF7BfWBPc61sb9jXQg4T4R6MLdG/Tz6Pgb6z1bw==}

  '@unified-latex/unified-latex-util-argspec@1.8.2':
    resolution: {integrity: sha512-ts+6Ha9JhcMCt+rbajjiG0srxCz2jHcNrIe3zma2HQzmKNOGxpoTdA7+E4sG2wJgQK1+eQ9MrjGeLBCNXH7fGg==}

  '@unified-latex/unified-latex-util-arguments@1.8.2':
    resolution: {integrity: sha512-81OqsLoVUhVFgp64z7Jrtndgl5fJGvZKV1eipNWH4IH2hFEM8RZ0fmLxyOn7S/NjYuqWeOJ3WhjOvRHtmLLf2Q==}

  '@unified-latex/unified-latex-util-catcode@1.8.2':
    resolution: {integrity: sha512-zChzwfcXufJ5tMkBNC06GdMFj3ldWnlL1eLszFNtcWPvB6KyXHjOPRSZ9aILjbZEd2ogBc8lOKc5ug+iBFBVxA==}

  '@unified-latex/unified-latex-util-comments@1.8.2':
    resolution: {integrity: sha512-OGeT3BYzLT6hRgyRrPqXTJBpD/JaJl5yIcpQfm5wpcDFBVfcDOCZ8/Xc7UwosOvCjM5EHVTJIxmDQ1epZg3IzA==}

  '@unified-latex/unified-latex-util-environments@1.8.2':
    resolution: {integrity: sha512-ZaL28+sUtVOSsWv2LfcGXmOJoQJ0Vu4se/7R83awutr2cS3YIZsyCIRFfhz1jYyedWfGLtq+a/2MWJfcIcd7Jg==}

  '@unified-latex/unified-latex-util-match@1.8.0':
    resolution: {integrity: sha512-fjuLI1KVhWTHkfWn0kR8/RhM2oD2hxWhzgskUMLJ/IZMye9ESvVo8ItG4y+BtpwGFWpTmCtpMNXHjknIQxza9Q==}

  '@unified-latex/unified-latex-util-parse@1.8.2':
    resolution: {integrity: sha512-PyHQTZWS7/BCVa8ojBEmVl5a3iXs5ZSOqhp2R/bbroe7+OEmQbqULPq4GigHA6ClEbPmP8uxmgHZDFGH2cfR7A==}

  '@unified-latex/unified-latex-util-pegjs@1.8.1':
    resolution: {integrity: sha512-1N6WknnzKGACFCmgaEZ2j89j5C2dKhmAOCfy6moD+AMm6nUb69Xp9pJ1jDfqz+Uz9+zRo5I6ksr6q5GgmAJvtw==}

  '@unified-latex/unified-latex-util-pgfkeys@1.8.1':
    resolution: {integrity: sha512-VwZeUzmPgKwO2sZ9xx4Ul0Mp82DVdWg32krOlH9dzW4ZQDOBTnRtvx6LQmg9b7Iz3F2pHLYU0LCCaJlvFNBm1A==}

  '@unified-latex/unified-latex-util-print-raw@1.8.0':
    resolution: {integrity: sha512-lMuLqnHXCDNqrjslf6hBAA2McEI+oaaxvjA9zfeAeWZyZh+DUJjkmwiuxYejwHHKbQvqzregNP4wtb9OvaC21g==}

  '@unified-latex/unified-latex-util-render-info@1.8.2':
    resolution: {integrity: sha512-Hjqt8Kx2/pYWwd/S3H397zyenLFwoZsmo7BL/Q7mJfj5wNs35ZMdoHQa0O8tLeZjezkWB2eejODVBsu5xDDCjw==}

  '@unified-latex/unified-latex-util-replace@1.8.2':
    resolution: {integrity: sha512-89GNj4p5wJmSUGAmdFlGnb/SaV4WykroK85bYbY3Fwppp7kO6sVYSRGfrTEIFob1S4HGL6xrYYUnCueI0+ZzhQ==}

  '@unified-latex/unified-latex-util-scan@1.8.0':
    resolution: {integrity: sha512-4WWDTcLOhlkZsGmGl/IZA0Jg2rTitVwGf6ktxs57AyuCEdzHA5ZeNwzSewW8wpHQdLfnPX+LNEnaukwEdWfF1g==}

  '@unified-latex/unified-latex-util-split@1.8.0':
    resolution: {integrity: sha512-gRlRge72wcvLRs6bEoVbh0fDACbkioEPDJOr7XaCuQqjNNu1VTXlcvImZQVXCdMG6CJ4lqiaJRwnUupK4rsmsA==}

  '@unified-latex/unified-latex-util-trim@1.8.2':
    resolution: {integrity: sha512-zshEykIuLvngWNl7RnMP86KE3yieVLK2u+byPioh6JVQCwkHoz/UiPzl+fuPw/u+93LPNSJBRa16a03sviqyBA==}

  '@unified-latex/unified-latex-util-visit@1.8.2':
    resolution: {integrity: sha512-Xq8516ZTKCfjB/txSIbUWtdIR2NdWO8/LlhjMLljFCEO4IE1KfhCCgKgwxNa7uuCkGG0e0BwVEHQIjH4TQZARQ==}

  bail@2.0.2:
    resolution: {integrity: sha512-0xO6mYd7JB2YesxDKplafRpsiOzPt9V02ddPCLbY1xYGPOX24NTyN50qnUxgCPcSoYMhKpAuBTjQoRZCAkUDRw==}

  color-convert@2.0.1:
    resolution: {integrity: sha512-RRECPsj7iu/xb5oKYcsFHSppFNnsj/52OVTRKb4zP5onXwVF3zVmmToNcOfGC+CRDpfK/U584fMg38ZHCaElKQ==}
    engines: {node: '>=7.0.0'}

  color-name@1.1.4:
    resolution: {integrity: sha512-dOy+3AuW3a2wNbZHIuMZpTcgjGuLU/uBL/ubcZF9OXbDo8ff4O8yVp5Bf0efS8uEoYo5q4Fx7dY9OgQGXgAsQA==}

  color-string@1.9.1:
    resolution: {integrity: sha512-shrVawQFojnZv6xM40anx4CkoDP+fZsw/ZerEMsW/pyzsRbElpsL/DBVW7q3ExxwusdNXI3lXpuhEZkzs8p5Eg==}

  color@4.2.3:
    resolution: {integrity: sha512-1rXeuUUiGGrykh+CeBdu5Ie7OJwinCgQY0bc7GCRxy5xVHy+moaqkpL/jqQq0MtQOeYcrqEz4abc5f0KtU7W4A==}
    engines: {node: '>=12.5.0'}

  extend@3.0.2:
    resolution: {integrity: sha512-fjquC59cD7CyW6urNXK0FBufkZcoiGG80wTuPujX590cB5Ttln20E2UB4S/WARVqhXffZl2LNgS+gQdPIIim/g==}

  is-arrayish@0.3.2:
    resolution: {integrity: sha512-eVRqCvVlZbuw3GrM63ovNSNAeA1K16kaR/LRY/92w0zxQ5/1YzwblUX652i4Xs9RwAGjW9d9y6X88t8OaAJfWQ==}

  is-buffer@2.0.5:
    resolution: {integrity: sha512-i2R6zNFDwgEHJyQUtJEk0XFi1i0dPFn/oqjK3/vPCcDeJvW5NQ83V8QbicfF1SupOaB0h8ntgBC2YiE7dfyctQ==}
    engines: {node: '>=4'}

  is-plain-obj@4.1.0:
    resolution: {integrity: sha512-+Pgi+vMuUNkJyExiMBt5IlFoMyKnr5zhJ4Uspz58WOhBF5QoIZkFyNHIbBAtHwzVAgk5RtndVNsDRN61/mmDqg==}
    engines: {node: '>=12'}

  prettier-plugin-latex@2.0.1:
    resolution: {integrity: sha512-xIKGN0uWU+JwGHI92ixohngGLpy2nGQhYnmTtVue/jbw+K0fFPddQ3pMXx3fjtmmUhlbZisYXehJtcJ9Ford0g==}
    engines: {node: '>= 18.0'}

  prettier@3.5.3:
    resolution: {integrity: sha512-QQtaxnoDJeAkDvDKWCLiwIXkTgRhwYDEQCghU9Z6q03iyek/rxRh/2lC3HB7P8sWT2xC/y5JDctPLBIGzHKbhw==}
    engines: {node: '>=14'}
    hasBin: true

  simple-swizzle@0.2.2:
    resolution: {integrity: sha512-JA//kQgZtbuY83m+xT+tXJkmJncGMTFT+C+g2h2R9uxkYIrE2yy9sgmcLhCnw57/WSD+Eh3J97FPEDFnbXnDUg==}

  trie-prefix-tree@1.5.1:
    resolution: {integrity: sha512-Jjvj/dA97wXnabG/NLJUgo4IQMj6vucH+Qxm7of/omfWSmZlPqdRU6Ta4GmQqCZH+n3/iYZUwfvUoEhB0Hs83Q==}

  trough@2.2.0:
    resolution: {integrity: sha512-tmMpK00BjZiUyVyvrBK7knerNgmgvcV/KLVyuma/SC+TQN167GrMRciANTz09+k3zW8L8t60jWO1GpfkZdjTaw==}

  unified@10.1.2:
    resolution: {integrity: sha512-pUSWAi/RAnVy1Pif2kAoeWNBa3JVrx0MId2LASj8G+7AiHWoKZNTomq6LG326T68U7/e263X6fTdcXIy7XnF7Q==}

  unist-util-stringify-position@3.0.3:
    resolution: {integrity: sha512-k5GzIBZ/QatR8N5X2y+drfpWG8IDBzdnVj6OInRNWm1oXrzydiaAT2OQiA8DPRRZyAKb9b6I2a6PxYklZD0gKg==}

  vfile-message@3.1.4:
    resolution: {integrity: sha512-fa0Z6P8HUrQN4BZaX05SIVXic+7kE3b05PWAtPuYP9QLHsLKYR7/AlLW3NtOrpXRLeawpDLMsVkmk5DG0NXgWw==}

  vfile@5.3.7:
    resolution: {integrity: sha512-r7qlzkgErKjobAmyNIkkSpizsFPYiUPuJb5pNW1RB4JcYVZhs4lIbVqk8XPk033CV/1z8ss5pkax8SuhGpcG8g==}

snapshots:

  '@types/unist@2.0.11': {}

  '@unified-latex/unified-latex-builder@1.8.0':
    dependencies:
      '@unified-latex/unified-latex-types': 1.8.0

  '@unified-latex/unified-latex-ctan@1.8.2':
    dependencies:
      '@unified-latex/unified-latex-builder': 1.8.0
      '@unified-latex/unified-latex-types': 1.8.0
      '@unified-latex/unified-latex-util-argspec': 1.8.2
      '@unified-latex/unified-latex-util-arguments': 1.8.2
      '@unified-latex/unified-latex-util-comments': 1.8.2
      '@unified-latex/unified-latex-util-match': 1.8.0
      '@unified-latex/unified-latex-util-pegjs': 1.8.1
      '@unified-latex/unified-latex-util-print-raw': 1.8.0
      '@unified-latex/unified-latex-util-render-info': 1.8.2
      '@unified-latex/unified-latex-util-replace': 1.8.2
      '@unified-latex/unified-latex-util-scan': 1.8.0
      '@unified-latex/unified-latex-util-split': 1.8.0
      '@unified-latex/unified-latex-util-trim': 1.8.2
      '@unified-latex/unified-latex-util-visit': 1.8.2
      color: 4.2.3

  '@unified-latex/unified-latex-prettier@2.4.2':
    dependencies:
      '@unified-latex/unified-latex-ctan': 1.8.2
      '@unified-latex/unified-latex-types': 1.8.0
      '@unified-latex/unified-latex-util-align': 1.8.1
      '@unified-latex/unified-latex-util-match': 1.8.0
      '@unified-latex/unified-latex-util-parse': 1.8.2
      '@unified-latex/unified-latex-util-pgfkeys': 1.8.1
      '@unified-latex/unified-latex-util-print-raw': 1.8.0
      '@unified-latex/unified-latex-util-trim': 1.8.2
      '@unified-latex/unified-latex-util-visit': 1.8.2
      prettier: 3.5.3
      unified: 10.1.2

  '@unified-latex/unified-latex-types@1.8.0': {}

  '@unified-latex/unified-latex-util-align@1.8.1':
    dependencies:
      '@unified-latex/unified-latex-types': 1.8.0
      '@unified-latex/unified-latex-util-match': 1.8.0
      '@unified-latex/unified-latex-util-pegjs': 1.8.1

  '@unified-latex/unified-latex-util-argspec@1.8.2':
    dependencies:
      '@unified-latex/unified-latex-util-pegjs': 1.8.1

  '@unified-latex/unified-latex-util-arguments@1.8.2':
    dependencies:
      '@unified-latex/unified-latex-builder': 1.8.0
      '@unified-latex/unified-latex-types': 1.8.0
      '@unified-latex/unified-latex-util-argspec': 1.8.2
      '@unified-latex/unified-latex-util-match': 1.8.0
      '@unified-latex/unified-latex-util-render-info': 1.8.2
      '@unified-latex/unified-latex-util-scan': 1.8.0
      '@unified-latex/unified-latex-util-visit': 1.8.2
      unified: 10.1.2

  '@unified-latex/unified-latex-util-catcode@1.8.2':
    dependencies:
      '@unified-latex/unified-latex-types': 1.8.0
      '@unified-latex/unified-latex-util-match': 1.8.0
      '@unified-latex/unified-latex-util-visit': 1.8.2

  '@unified-latex/unified-latex-util-comments@1.8.2':
    dependencies:
      '@unified-latex/unified-latex-types': 1.8.0
      '@unified-latex/unified-latex-util-match': 1.8.0
      '@unified-latex/unified-latex-util-replace': 1.8.2

  '@unified-latex/unified-latex-util-environments@1.8.2':
    dependencies:
      '@unified-latex/unified-latex-types': 1.8.0
      '@unified-latex/unified-latex-util-arguments': 1.8.2
      '@unified-latex/unified-latex-util-match': 1.8.0
      '@unified-latex/unified-latex-util-print-raw': 1.8.0
      '@unified-latex/unified-latex-util-render-info': 1.8.2
      '@unified-latex/unified-latex-util-visit': 1.8.2
      unified: 10.1.2

  '@unified-latex/unified-latex-util-match@1.8.0':
    dependencies:
      '@unified-latex/unified-latex-types': 1.8.0
      '@unified-latex/unified-latex-util-print-raw': 1.8.0

  '@unified-latex/unified-latex-util-parse@1.8.2':
    dependencies:
      '@unified-latex/unified-latex-ctan': 1.8.2
      '@unified-latex/unified-latex-types': 1.8.0
      '@unified-latex/unified-latex-util-arguments': 1.8.2
      '@unified-latex/unified-latex-util-catcode': 1.8.2
      '@unified-latex/unified-latex-util-environments': 1.8.2
      '@unified-latex/unified-latex-util-match': 1.8.0
      '@unified-latex/unified-latex-util-pegjs': 1.8.1
      '@unified-latex/unified-latex-util-print-raw': 1.8.0
      '@unified-latex/unified-latex-util-trim': 1.8.2
      '@unified-latex/unified-latex-util-visit': 1.8.2
      unified: 10.1.2

  '@unified-latex/unified-latex-util-pegjs@1.8.1':
    dependencies:
      '@unified-latex/unified-latex-types': 1.8.0
      '@unified-latex/unified-latex-util-match': 1.8.0

  '@unified-latex/unified-latex-util-pgfkeys@1.8.1':
    dependencies:
      '@unified-latex/unified-latex-types': 1.8.0
      '@unified-latex/unified-latex-util-match': 1.8.0
      '@unified-latex/unified-latex-util-pegjs': 1.8.1
      '@unified-latex/unified-latex-util-print-raw': 1.8.0

  '@unified-latex/unified-latex-util-print-raw@1.8.0':
    dependencies:
      '@unified-latex/unified-latex-types': 1.8.0

  '@unified-latex/unified-latex-util-render-info@1.8.2':
    dependencies:
      '@unified-latex/unified-latex-types': 1.8.0
      '@unified-latex/unified-latex-util-visit': 1.8.2

  '@unified-latex/unified-latex-util-replace@1.8.2':
    dependencies:
      '@unified-latex/unified-latex-types': 1.8.0
      '@unified-latex/unified-latex-util-match': 1.8.0
      '@unified-latex/unified-latex-util-split': 1.8.0
      '@unified-latex/unified-latex-util-trim': 1.8.2
      '@unified-latex/unified-latex-util-visit': 1.8.2
      unified: 10.1.2

  '@unified-latex/unified-latex-util-scan@1.8.0':
    dependencies:
      '@unified-latex/unified-latex-types': 1.8.0
      '@unified-latex/unified-latex-util-match': 1.8.0
      '@unified-latex/unified-latex-util-print-raw': 1.8.0
      trie-prefix-tree: 1.5.1

  '@unified-latex/unified-latex-util-split@1.8.0':
    dependencies:
      '@unified-latex/unified-latex-types': 1.8.0
      '@unified-latex/unified-latex-util-match': 1.8.0

  '@unified-latex/unified-latex-util-trim@1.8.2':
    dependencies:
      '@unified-latex/unified-latex-types': 1.8.0
      '@unified-latex/unified-latex-util-match': 1.8.0
      '@unified-latex/unified-latex-util-visit': 1.8.2
      unified: 10.1.2

  '@unified-latex/unified-latex-util-visit@1.8.2':
    dependencies:
      '@unified-latex/unified-latex-types': 1.8.0
      '@unified-latex/unified-latex-util-match': 1.8.0

  bail@2.0.2: {}

  color-convert@2.0.1:
    dependencies:
      color-name: 1.1.4

  color-name@1.1.4: {}

  color-string@1.9.1:
    dependencies:
      color-name: 1.1.4
      simple-swizzle: 0.2.2

  color@4.2.3:
    dependencies:
      color-convert: 2.0.1
      color-string: 1.9.1

  extend@3.0.2: {}

  is-arrayish@0.3.2: {}

  is-buffer@2.0.5: {}

  is-plain-obj@4.1.0: {}

  prettier-plugin-latex@2.0.1:
    dependencies:
      '@unified-latex/unified-latex-prettier': 2.4.2
      prettier: 3.5.3

  prettier@3.5.3: {}

  simple-swizzle@0.2.2:
    dependencies:
      is-arrayish: 0.3.2

  trie-prefix-tree@1.5.1: {}

  trough@2.2.0: {}

  unified@10.1.2:
    dependencies:
      '@types/unist': 2.0.11
      bail: 2.0.2
      extend: 3.0.2
      is-buffer: 2.0.5
      is-plain-obj: 4.1.0
      trough: 2.2.0
      vfile: 5.3.7

  unist-util-stringify-position@3.0.3:
    dependencies:
      '@types/unist': 2.0.11

  vfile-message@3.1.4:
    dependencies:
      '@types/unist': 2.0.11
      unist-util-stringify-position: 3.0.3

  vfile@5.3.7:
    dependencies:
      '@types/unist': 2.0.11
      is-buffer: 2.0.5
      unist-util-stringify-position: 3.0.3
      vfile-message: 3.1.4
